
Microsoft Visual Studio Solution File, Format Version 12.00
# Visual Studio Version 17
VisualStudioVersion = 17.8.34330.188
MinimumVisualStudioVersion = 10.0.40219.1
Project("{FAE04EC0-301F-11D3-BF4B-00C04F79EFBC}") = "WinFormsApp_3", "WinFormsApp_3.csproj", "{4B979B7A-A45E-412A-91D0-439B5992D179}"
EndProject
Global
	GlobalSection(SolutionConfigurationPlatforms) = preSolution
		Debug|Any CPU = Debug|Any CPU
		Release|Any CPU = Release|Any CPU
	EndGlobalSection
	GlobalSection(ProjectConfigurationPlatforms) = postSolution
		{4B979B7A-A45E-412A-91D0-439B5992D179}.Debug|Any CPU.ActiveCfg = Debug|Any CPU
		{4B979B7A-A45E-412A-91D0-439B5992D179}.Debug|Any CPU.Build.0 = Debug|Any CPU
		{4B979B7A-A45E-412A-91D0-439B5992D179}.Release|Any CPU.ActiveCfg = Release|Any CPU
		{4B979B7A-A45E-412A-91D0-439B5992D179}.Release|Any CPU.Build.0 = Release|Any CPU
	EndGlobalSection
	GlobalSection(SolutionProperties) = preSolution
		HideSolutionNode = FALSE
	EndGlobalSection
	GlobalSection(ExtensibilityGlobals) = postSolution
		SolutionGuid = {F5BF37B5-E7EB-4AF7-B04F-C9B00C55349E}
	EndGlobalSection
EndGlobal
